# @generated by Move, please check-in and do not edit manually.

[move]
version = 1
manifest_digest = "5FE052546468D3BD2BC532381E8F6D9C42218FB379FFE105D23BF94AB5409A5E"
deps_digest = "F9B494B64F0615AED0E98FC12A85B85ECD2BC5185C22D30E7F67786BB52E507C"
dependencies = [
  { name = "Sui" },
  { name = "ifixed_v3" },
  { name = "oracle_reader_v3" },
  { name = "oracle_v3" },
]

[[move.package]]
name = "MoveStdlib"
source = { git = "https://github.com/MystenLabs/sui.git", rev = "framework/testnet", subdir = "crates/sui-framework/packages/move-stdlib" }

[[move.package]]
name = "Sui"
source = { git = "https://github.com/MystenLabs/sui.git", rev = "framework/testnet", subdir = "crates/sui-framework/packages/sui-framework" }

dependencies = [
  { name = "MoveStdlib" },
]

[[move.package]]
name = "ifixed_v3"
source = { local = "../ifixed_v3" }

dependencies = [
  { name = "Sui" },
]

[[move.package]]
name = "oracle_reader_v3"
source = { local = "../oracle_reader_v3" }

dependencies = [
  { name = "Sui" },
  { name = "ifixed_v3" },
  { name = "oracle_v3" },
]

[[move.package]]
name = "oracle_v3"
source = { local = "../oracle_v3" }

dependencies = [
  { name = "Sui" },
  { name = "ifixed_v3" },
]
